
Microsoft Visual Studio Solution File, Format Version 12.00
# Visual Studio 14
VisualStudioVersion = 14.0.25420.1
MinimumVisualStudioVersion = 10.0.40219.1
Project("{FAE04EC0-301F-11D3-BF4B-00C04F79EFBC}") = "Json.NetMF42", "Json.NetMF\Json.NetMF42.csproj", "{5995FC6C-A484-4A48-A75B-00B35F08F092}"
EndProject
Project("{FAE04EC0-301F-11D3-BF4B-00C04F79EFBC}") = "Json.NetMF43", "Json.NetMF\Json.NetMF43.csproj", "{D056CA26-B0F1-41E3-8929-44EAEC7EBA7E}"
EndProject
Project("{FAE04EC0-301F-11D3-BF4B-00C04F79EFBC}") = "Json.NetMF44", "Json.NetMF\Json.NetMF44.csproj", "{F5E7951D-D122-4422-A441-3852646DDCE1}"
EndProject
Project("{FAE04EC0-301F-11D3-BF4B-00C04F79EFBC}") = "Test", "Test\NetMF\Test.csproj", "{A1225C41-D97A-4F2F-8159-F8D9F90E4509}"
EndProject
Global
	GlobalSection(SolutionConfigurationPlatforms) = preSolution
		Debug|Any CPU = Debug|Any CPU
		Release|Any CPU = Release|Any CPU
	EndGlobalSection
	GlobalSection(ProjectConfigurationPlatforms) = postSolution
		{5995FC6C-A484-4A48-A75B-00B35F08F092}.Debug|Any CPU.ActiveCfg = Debug|Any CPU
		{5995FC6C-A484-4A48-A75B-00B35F08F092}.Debug|Any CPU.Build.0 = Debug|Any CPU
		{5995FC6C-A484-4A48-A75B-00B35F08F092}.Release|Any CPU.ActiveCfg = Release|Any CPU
		{5995FC6C-A484-4A48-A75B-00B35F08F092}.Release|Any CPU.Build.0 = Release|Any CPU
		{D056CA26-B0F1-41E3-8929-44EAEC7EBA7E}.Debug|Any CPU.ActiveCfg = Debug|Any CPU
		{D056CA26-B0F1-41E3-8929-44EAEC7EBA7E}.Debug|Any CPU.Build.0 = Debug|Any CPU
		{D056CA26-B0F1-41E3-8929-44EAEC7EBA7E}.Release|Any CPU.ActiveCfg = Release|Any CPU
		{D056CA26-B0F1-41E3-8929-44EAEC7EBA7E}.Release|Any CPU.Build.0 = Release|Any CPU
		{F5E7951D-D122-4422-A441-3852646DDCE1}.Debug|Any CPU.ActiveCfg = Debug|Any CPU
		{F5E7951D-D122-4422-A441-3852646DDCE1}.Debug|Any CPU.Build.0 = Debug|Any CPU
		{F5E7951D-D122-4422-A441-3852646DDCE1}.Release|Any CPU.ActiveCfg = Release|Any CPU
		{F5E7951D-D122-4422-A441-3852646DDCE1}.Release|Any CPU.Build.0 = Release|Any CPU
		{A1225C41-D97A-4F2F-8159-F8D9F90E4509}.Debug|Any CPU.ActiveCfg = Debug|Any CPU
		{A1225C41-D97A-4F2F-8159-F8D9F90E4509}.Debug|Any CPU.Build.0 = Debug|Any CPU
		{A1225C41-D97A-4F2F-8159-F8D9F90E4509}.Debug|Any CPU.Deploy.0 = Debug|Any CPU
		{A1225C41-D97A-4F2F-8159-F8D9F90E4509}.Release|Any CPU.ActiveCfg = Release|Any CPU
		{A1225C41-D97A-4F2F-8159-F8D9F90E4509}.Release|Any CPU.Build.0 = Release|Any CPU
		{A1225C41-D97A-4F2F-8159-F8D9F90E4509}.Release|Any CPU.Deploy.0 = Release|Any CPU
	EndGlobalSection
	GlobalSection(SolutionProperties) = preSolution
		HideSolutionNode = FALSE
	EndGlobalSection
EndGlobal
